<?xml version="1.0" encoding="utf-8"?>
<Project ToolsVersion="4.0" xmlns="http://schemas.microsoft.com/developer/msbuild/2003">
  <ItemGroup>
    <Filter Include="源文件">
      <UniqueIdentifier>{4FC737F1-C7A5-4376-A066-2A32D752A2FF}</UniqueIdentifier>
      <Extensions>cpp;c;cc;cxx;c++;cppm;ixx;def;odl;idl;hpj;bat;asm;asmx</Extensions>
    </Filter>
    <Filter Include="头文件">
      <UniqueIdentifier>{93995380-89BD-4b04-88EB-625FBE52EBFB}</UniqueIdentifier>
      <Extensions>h;hh;hpp;hxx;h++;hm;inl;inc;ipp;xsd</Extensions>
    </Filter>
    <Filter Include="资源文件">
      <UniqueIdentifier>{67DA6AB6-F800-4c08-8B7A-83BB121AAD01}</UniqueIdentifier>
      <Extensions>rc;ico;cur;bmp;dlg;rc2;rct;bin;rgs;gif;jpg;jpeg;jpe;resx;tiff;tif;png;wav;mfcribbon-ms</Extensions>
    </Filter>
  </ItemGroup>
  <ItemGroup>
    <ClInclude Include="MFCTaskList.h">
      <Filter>头文件</Filter>
    </ClInclude>
    <ClInclude Include="MFCTaskListDlg.h">
      <Filter>头文件</Filter>
    </ClInclude>
    <ClInclude Include="framework.h">
      <Filter>头文件</Filter>
    </ClInclude>
    <ClInclude Include="targetver.h">
      <Filter>头文件</Filter>
    </ClInclude>
    <ClInclude Include="Resource.h">
      <Filter>头文件</Filter>
    </ClInclude>
    <ClInclude Include="pch.h">
      <Filter>头文件</Filter>
    </ClInclude>
    <ClInclude Include="CMyDialog.h">
      <Filter>头文件</Filter>
    </ClInclude>
    <ClInclude Include="CMyDialog1.h">
      <Filter>头文件</Filter>
    </ClInclude>
    <ClInclude Include="CMyDialog2.h">
      <Filter>头文件</Filter>
    </ClInclude>
    <ClInclude Include="CMyTabCtrl.h">
      <Filter>头文件</Filter>
    </ClInclude>
    <ClInclude Include="CMyDialog3.h">
      <Filter>头文件</Filter>
    </ClInclude>
    <ClInclude Include="CMyDialog4.h">
      <Filter>头文件</Filter>
    </ClInclude>
    <ClInclude Include="CDialogMod.h">
      <Filter>头文件</Filter>
    </ClInclude>
    <ClInclude Include="ThreadDialog.h">
      <Filter>头文件</Filter>
    </ClInclude>
    <ClInclude Include="ModulDialog.h">
      <Filter>头文件</Filter>
    </ClInclude>
    <ClInclude Include="HeapDialog.h">
      <Filter>头文件</Filter>
    </ClInclude>
    <ClInclude Include="CMyAntivrusDlg.h">
      <Filter>头文件</Filter>
    </ClInclude>
    <ClInclude Include="LOAD_PE.h">
      <Filter>头文件</Filter>
    </ClInclude>
    <ClInclude Include="LOAD_PE_Ps.h">
      <Filter>头文件</Filter>
    </ClInclude>
    <ClInclude Include="Import_Table_List.h">
      <Filter>头文件</Filter>
    </ClInclude>
    <ClInclude Include="Export_Table_List.h">
      <Filter>头文件</Filter>
    </ClInclude>
    <ClInclude Include="Rection_Dialog.h">
      <Filter>头文件</Filter>
    </ClInclude>
    <ClInclude Include="Resource_Dialog.h">
      <Filter>头文件</Filter>
    </ClInclude>
    <ClInclude Include="TLS_Dialog.h">
      <Filter>头文件</Filter>
    </ClInclude>
    <ClInclude Include="Unload_Dialog.h">
      <Filter>头文件</Filter>
    </ClInclude>
    <ClInclude Include="MyButton_Dlg2_1.h">
      <Filter>头文件</Filter>
    </ClInclude>
    <ClInclude Include="CMyButton_Dlg2_2.h">
      <Filter>头文件</Filter>
    </ClInclude>
    <ClInclude Include="Md5.h">
      <Filter>头文件</Filter>
    </ClInclude>
  </ItemGroup>
  <ItemGroup>
    <ClCompile Include="MFCTaskList.cpp">
      <Filter>源文件</Filter>
    </ClCompile>
    <ClCompile Include="MFCTaskListDlg.cpp">
      <Filter>源文件</Filter>
    </ClCompile>
    <ClCompile Include="pch.cpp">
      <Filter>源文件</Filter>
    </ClCompile>
    <ClCompile Include="CMyDialog.cpp">
      <Filter>源文件</Filter>
    </ClCompile>
    <ClCompile Include="CMyDialog1.cpp">
      <Filter>源文件</Filter>
    </ClCompile>
    <ClCompile Include="CMyDialog2.cpp">
      <Filter>源文件</Filter>
    </ClCompile>
    <ClCompile Include="CMyTabCtrl.cpp">
      <Filter>源文件</Filter>
    </ClCompile>
    <ClCompile Include="CMyDialog3.cpp">
      <Filter>源文件</Filter>
    </ClCompile>
    <ClCompile Include="CMyDialog4.cpp">
      <Filter>源文件</Filter>
    </ClCompile>
    <ClCompile Include="CDialogMod.cpp">
      <Filter>源文件</Filter>
    </ClCompile>
    <ClCompile Include="ThreadDialog.cpp">
      <Filter>源文件</Filter>
    </ClCompile>
    <ClCompile Include="ModulDialog.cpp">
      <Filter>源文件</Filter>
    </ClCompile>
    <ClCompile Include="HeapDialog.cpp">
      <Filter>源文件</Filter>
    </ClCompile>
    <ClCompile Include="CMyAntivrusDlg.cpp">
      <Filter>源文件</Filter>
    </ClCompile>
    <ClCompile Include="LOAD_PE.cpp">
      <Filter>源文件</Filter>
    </ClCompile>
    <ClCompile Include="LOAD_PE_Ps.cpp">
      <Filter>源文件</Filter>
    </ClCompile>
    <ClCompile Include="Import_Table_List.cpp">
      <Filter>源文件</Filter>
    </ClCompile>
    <ClCompile Include="Export_Table_List.cpp">
      <Filter>源文件</Filter>
    </ClCompile>
    <ClCompile Include="Rection_Dialog.cpp">
      <Filter>源文件</Filter>
    </ClCompile>
    <ClCompile Include="Resource_Dialog.cpp">
      <Filter>源文件</Filter>
    </ClCompile>
    <ClCompile Include="TLS_Dialog.cpp">
      <Filter>源文件</Filter>
    </ClCompile>
    <ClCompile Include="Unload_Dialog.cpp">
      <Filter>源文件</Filter>
    </ClCompile>
    <ClCompile Include="MyButton_Dlg2_1.cpp">
      <Filter>源文件</Filter>
    </ClCompile>
    <ClCompile Include="CMyButton_Dlg2_2.cpp">
      <Filter>源文件</Filter>
    </ClCompile>
    <ClCompile Include="Md5.cpp">
      <Filter>源文件</Filter>
    </ClCompile>
  </ItemGroup>
  <ItemGroup>
    <ResourceCompile Include="MFCTaskList.rc">
      <Filter>资源文件</Filter>
    </ResourceCompile>
  </ItemGroup>
  <ItemGroup>
    <None Include="res\MFCTaskList.rc2">
      <Filter>资源文件</Filter>
    </None>
  </ItemGroup>
  <ItemGroup>
    <Image Include="res\MFCTaskList.ico">
      <Filter>资源文件</Filter>
    </Image>
  </ItemGroup>
</Project>